lockfileVersion: '9.0'

settings:
  autoInstallPeers: true
  excludeLinksFromLockfile: false

importers:

  .:
    dependencies:
      react-intersection-observer:
        specifier: ^9.16.0
        version: 9.16.0(react@19.1.0)

packages:

  react-intersection-observer@9.16.0:
    resolution: {integrity: sha512-w9nJSEp+DrW9KmQmeWHQyfaP6b03v+TdXynaoA964Wxt7mdR3An11z4NNCQgL4gKSK7y1ver2Fq+JKH6CWEzUA==}
    peerDependencies:
      react: ^17.0.0 || ^18.0.0 || ^19.0.0
      react-dom: ^17.0.0 || ^18.0.0 || ^19.0.0
    peerDependenciesMeta:
      react-dom:
        optional: true

  react@19.1.0:
    resolution: {integrity: sha512-FS+XFBNvn3GTAWq26joslQgWNoFu08F4kl0J4CgdNKADkdSGXQyTCnKteIAJy96Br6YbpEU1LSzV5dYtjMkMDg==}
    engines: {node: '>=0.10.0'}

snapshots:

  react-intersection-observer@9.16.0(react@19.1.0):
    dependencies:
      react: 19.1.0

  react@19.1.0: {}
